
Microsoft Visual Studio Solution File, Format Version 12.00
# Visual Studio Version 17
VisualStudioVersion = 17.7.34031.279
MinimumVisualStudioVersion = 10.0.40219.1
Project("{FAE04EC0-301F-11D3-BF4B-00C04F79EFBC}") = "HomeWork_Net_HTTP_N1", "HomeWork_Net_HTTP_N1\HomeWork_Net_HTTP_N1.csproj", "{3C25020B-3A7F-4AB3-9F38-A1FEA0E0035B}"
EndProject
Global
	GlobalSection(SolutionConfigurationPlatforms) = preSolution
		Debug|Any CPU = Debug|Any CPU
		Release|Any CPU = Release|Any CPU
	EndGlobalSection
	GlobalSection(ProjectConfigurationPlatforms) = postSolution
		{3C25020B-3A7F-4AB3-9F38-A1FEA0E0035B}.Debug|Any CPU.ActiveCfg = Debug|Any CPU
		{3C25020B-3A7F-4AB3-9F38-A1FEA0E0035B}.Debug|Any CPU.Build.0 = Debug|Any CPU
		{3C25020B-3A7F-4AB3-9F38-A1FEA0E0035B}.Release|Any CPU.ActiveCfg = Release|Any CPU
		{3C25020B-3A7F-4AB3-9F38-A1FEA0E0035B}.Release|Any CPU.Build.0 = Release|Any CPU
	EndGlobalSection
	GlobalSection(SolutionProperties) = preSolution
		HideSolutionNode = FALSE
	EndGlobalSection
	GlobalSection(ExtensibilityGlobals) = postSolution
		SolutionGuid = {3B1E60E0-A860-430D-97FB-BE349EAC2B36}
	EndGlobalSection
EndGlobal
